// !$*UTF8*$!
{
	archiveVersion = 1;
	classes = {
	};
	objectVersion = 56;
	objects = {

/* Begin PBXBuildFile section */
		61586FA62C52188200119E8C /* SwiftUI_SideProject_01App.swift in Sources */ = {isa = PBXBuildFile; fileRef = 61586FA52C52188200119E8C /* SwiftUI_SideProject_01App.swift */; };
		61586FA82C52188200119E8C /* ContentView.swift in Sources */ = {isa = PBXBuildFile; fileRef = 61586FA72C52188200119E8C /* ContentView.swift */; };
		61586FAA2C52188500119E8C /* Assets.xcassets in Resources */ = {isa = PBXBuildFile; fileRef = 61586FA92C52188500119E8C /* Assets.xcassets */; };
		61586FAD2C52188500119E8C /* Preview Assets.xcassets in Resources */ = {isa = PBXBuildFile; fileRef = 61586FAC2C52188500119E8C /* Preview Assets.xcassets */; };
		61586FB52C522D0800119E8C /* ToDo.swift in Sources */ = {isa = PBXBuildFile; fileRef = 61586FB42C522D0800119E8C /* ToDo.swift */; };
		61586FB72C522DB500119E8C /* ToDoList.swift in Sources */ = {isa = PBXBuildFile; fileRef = 61586FB62C522DB400119E8C /* ToDoList.swift */; };
		61586FBA2C5242BA00119E8C /* AddToDo.swift in Sources */ = {isa = PBXBuildFile; fileRef = 61586FB92C5242BA00119E8C /* AddToDo.swift */; };
		61586FBC2C533BDB00119E8C /* DateFormatterManager.swift in Sources */ = {isa = PBXBuildFile; fileRef = 61586FBB2C533BDB00119E8C /* DateFormatterManager.swift */; };
		61586FBE2C533D5200119E8C /* ToDoDetail.swift in Sources */ = {isa = PBXBuildFile; fileRef = 61586FBD2C533D5200119E8C /* ToDoDetail.swift */; };
/* End PBXBuildFile section */

/* Begin PBXFileReference section */
		61586FA22C52188200119E8C /* SwiftUI_SideProject_01.app */ = {isa = PBXFileReference; explicitFileType = wrapper.application; includeInIndex = 0; path = SwiftUI_SideProject_01.app; sourceTree = BUILT_PRODUCTS_DIR; };
		61586FA52C52188200119E8C /* SwiftUI_SideProject_01App.swift */ = {isa = PBXFileReference; lastKnownFileType = sourcecode.swift; path = SwiftUI_SideProject_01App.swift; sourceTree = "<group>"; };
		61586FA72C52188200119E8C /* ContentView.swift */ = {isa = PBXFileReference; lastKnownFileType = sourcecode.swift; path = ContentView.swift; sourceTree = "<group>"; };
		61586FA92C52188500119E8C /* Assets.xcassets */ = {isa = PBXFileReference; lastKnownFileType = folder.assetcatalog; path = Assets.xcassets; sourceTree = "<group>"; };
		61586FAC2C52188500119E8C /* Preview Assets.xcassets */ = {isa = PBXFileReference; lastKnownFileType = folder.assetcatalog; path = "Preview Assets.xcassets"; sourceTree = "<group>"; };
		61586FB42C522D0800119E8C /* ToDo.swift */ = {isa = PBXFileReference; lastKnownFileType = sourcecode.swift; path = ToDo.swift; sourceTree = "<group>"; };
		61586FB62C522DB400119E8C /* ToDoList.swift */ = {isa = PBXFileReference; lastKnownFileType = sourcecode.swift; path = ToDoList.swift; sourceTree = "<group>"; };
		61586FB92C5242BA00119E8C /* AddToDo.swift */ = {isa = PBXFileReference; lastKnownFileType = sourcecode.swift; path = AddToDo.swift; sourceTree = "<group>"; };
		61586FBB2C533BDB00119E8C /* DateFormatterManager.swift */ = {isa = PBXFileReference; lastKnownFileType = sourcecode.swift; path = DateFormatterManager.swift; sourceTree = "<group>"; };
		61586FBD2C533D5200119E8C /* ToDoDetail.swift */ = {isa = PBXFileReference; lastKnownFileType = sourcecode.swift; path = ToDoDetail.swift; sourceTree = "<group>"; };
/* End PBXFileReference section */

/* Begin PBXFrameworksBuildPhase section */
		61586F9F2C52188200119E8C /* Frameworks */ = {
			isa = PBXFrameworksBuildPhase;
			buildActionMask = 2147483647;
			files = (
			);
			runOnlyForDeploymentPostprocessing = 0;
		};
/* End PBXFrameworksBuildPhase section */

/* Begin PBXGroup section */
		61586F992C52188200119E8C = {
			isa = PBXGroup;
			children = (
				61586FA42C52188200119E8C /* SwiftUI_SideProject_01 */,
				61586FA32C52188200119E8C /* Products */,
			);
			sourceTree = "<group>";
		};
		61586FA32C52188200119E8C /* Products */ = {
			isa = PBXGroup;
			children = (
				61586FA22C52188200119E8C /* SwiftUI_SideProject_01.app */,
			);
			name = Products;
			sourceTree = "<group>";
		};
		61586FA42C52188200119E8C /* SwiftUI_SideProject_01 */ = {
			isa = PBXGroup;
			children = (
				61586FB82C52429900119E8C /* View */,
				61586FB32C522CEA00119E8C /* Model */,
				61586FBB2C533BDB00119E8C /* DateFormatterManager.swift */,
				61586FA52C52188200119E8C /* SwiftUI_SideProject_01App.swift */,
				61586FA72C52188200119E8C /* ContentView.swift */,
				61586FA92C52188500119E8C /* Assets.xcassets */,
				61586FAB2C52188500119E8C /* Preview Content */,
			);
			path = SwiftUI_SideProject_01;
			sourceTree = "<group>";
		};
		61586FAB2C52188500119E8C /* Preview Content */ = {
			isa = PBXGroup;
			children = (
				61586FAC2C52188500119E8C /* Preview Assets.xcassets */,
			);
			path = "Preview Content";
			sourceTree = "<group>";
		};
		61586FB32C522CEA00119E8C /* Model */ = {
			isa = PBXGroup;
			children = (
				61586FB42C522D0800119E8C /* ToDo.swift */,
				61586FB62C522DB400119E8C /* ToDoList.swift */,
			);
			path = Model;
			sourceTree = "<group>";
		};
		61586FB82C52429900119E8C /* View */ = {
			isa = PBXGroup;
			children = (
				61586FB92C5242BA00119E8C /* AddToDo.swift */,
				61586FBD2C533D5200119E8C /* ToDoDetail.swift */,
			);
			path = View;
			sourceTree = "<group>";
		};
/* End PBXGroup section */

/* Begin PBXNativeTarget section */
		61586FA12C52188200119E8C /* SwiftUI_SideProject_01 */ = {
			isa = PBXNativeTarget;
			buildConfigurationList = 61586FB02C52188500119E8C /* Build configuration list for PBXNativeTarget "SwiftUI_SideProject_01" */;
			buildPhases = (
				61586F9E2C52188200119E8C /* Sources */,
				61586F9F2C52188200119E8C /* Frameworks */,
				61586FA02C52188200119E8C /* Resources */,
			);
			buildRules = (
			);
			dependencies = (
			);
			name = SwiftUI_SideProject_01;
			productName = SwiftUI_SideProject_01;
			productReference = 61586FA22C52188200119E8C /* SwiftUI_SideProject_01.app */;
			productType = "com.apple.product-type.application";
		};
/* End PBXNativeTarget section */

/* Begin PBXProject section */
		61586F9A2C52188200119E8C /* Project object */ = {
			isa = PBXProject;
			attributes = {
				BuildIndependentTargetsInParallel = 1;
				LastSwiftUpdateCheck = 1510;
				LastUpgradeCheck = 1510;
				TargetAttributes = {
					61586FA12C52188200119E8C = {
						CreatedOnToolsVersion = 15.1;
					};
				};
			};
			buildConfigurationList = 61586F9D2C52188200119E8C /* Build configuration list for PBXProject "SwiftUI_SideProject_01" */;
			compatibilityVersion = "Xcode 14.0";
			developmentRegion = en;
			hasScannedForEncodings = 0;
			knownRegions = (
				en,
				Base,
			);
			mainGroup = 61586F992C52188200119E8C;
			productRefGroup = 61586FA32C52188200119E8C /* Products */;
			projectDirPath = "";
			projectRoot = "";
			targets = (
				61586FA12C52188200119E8C /* SwiftUI_SideProject_01 */,
			);
		};
/* End PBXProject section */

/* Begin PBXResourcesBuildPhase section */
		61586FA02C52188200119E8C /* Resources */ = {
			isa = PBXResourcesBuildPhase;
			buildActionMask = 2147483647;
			files = (
				61586FAD2C52188500119E8C /* Preview Assets.xcassets in Resources */,
				61586FAA2C52188500119E8C /* Assets.xcassets in Resources */,
			);
			runOnlyForDeploymentPostprocessing = 0;
		};
/* End PBXResourcesBuildPhase section */

/* Begin PBXSourcesBuildPhase section */
		61586F9E2C52188200119E8C /* Sources */ = {
			isa = PBXSourcesBuildPhase;
			buildActionMask = 2147483647;
			files = (
				61586FB52C522D0800119E8C /* ToDo.swift in Sources */,
				61586FA82C52188200119E8C /* ContentView.swift in Sources */,
				61586FA62C52188200119E8C /* SwiftUI_SideProject_01App.swift in Sources */,
				61586FBE2C533D5200119E8C /* ToDoDetail.swift in Sources */,
				61586FB72C522DB500119E8C /* ToDoList.swift in Sources */,
				61586FBC2C533BDB00119E8C /* DateFormatterManager.swift in Sources */,
				61586FBA2C5242BA00119E8C /* AddToDo.swift in Sources */,
			);
			runOnlyForDeploymentPostprocessing = 0;
		};
/* End PBXSourcesBuildPhase section */

/* Begin XCBuildConfiguration section */
		61586FAE2C52188500119E8C /* Debug */ = {
			isa = XCBuildConfiguration;
			buildSettings = {
				ALWAYS_SEARCH_USER_PATHS = NO;
				ASSETCATALOG_COMPILER_GENERATE_SWIFT_ASSET_SYMBOL_EXTENSIONS = YES;
				CLANG_ANALYZER_NONNULL = YES;
				CLANG_ANALYZER_NUMBER_OBJECT_CONVERSION = YES_AGGRESSIVE;
				CLANG_CXX_LANGUAGE_STANDARD = "gnu++20";
				CLANG_ENABLE_MODULES = YES;
				CLANG_ENABLE_OBJC_ARC = YES;
				CLANG_ENABLE_OBJC_WEAK = YES;
				CLANG_WARN_BLOCK_CAPTURE_AUTORELEASING = YES;
				CLANG_WARN_BOOL_CONVERSION = YES;
				CLANG_WARN_COMMA = YES;
				CLANG_WARN_CONSTANT_CONVERSION = YES;
				CLANG_WARN_DEPRECATED_OBJC_IMPLEMENTATIONS = YES;
				CLANG_WARN_DIRECT_OBJC_ISA_USAGE = YES_ERROR;
				CLANG_WARN_DOCUMENTATION_COMMENTS = YES;
				CLANG_WARN_EMPTY_BODY = YES;
				CLANG_WARN_ENUM_CONVERSION = YES;
				CLANG_WARN_INFINITE_RECURSION = YES;
				CLANG_WARN_INT_CONVERSION = YES;
				CLANG_WARN_NON_LITERAL_NULL_CONVERSION = YES;
				CLANG_WARN_OBJC_IMPLICIT_RETAIN_SELF = YES;
				CLANG_WARN_OBJC_LITERAL_CONVERSION = YES;
				CLANG_WARN_OBJC_ROOT_CLASS = YES_ERROR;
				CLANG_WARN_QUOTED_INCLUDE_IN_FRAMEWORK_HEADER = YES;
				CLANG_WARN_RANGE_LOOP_ANALYSIS = YES;
				CLANG_WARN_STRICT_PROTOTYPES = YES;
				CLANG_WARN_SUSPICIOUS_MOVE = YES;
				CLANG_WARN_UNGUARDED_AVAILABILITY = YES_AGGRESSIVE;
				CLANG_WARN_UNREACHABLE_CODE = YES;
				CLANG_WARN__DUPLICATE_METHOD_MATCH = YES;
				COPY_PHASE_STRIP = NO;
				DEBUG_INFORMATION_FORMAT = dwarf;
				ENABLE_STRICT_OBJC_MSGSEND = YES;
				ENABLE_TESTABILITY = YES;
				ENABLE_USER_SCRIPT_SANDBOXING = YES;
				GCC_C_LANGUAGE_STANDARD = gnu17;
				GCC_DYNAMIC_NO_PIC = NO;
				GCC_NO_COMMON_BLOCKS = YES;
				GCC_OPTIMIZATION_LEVEL = 0;
				GCC_PREPROCESSOR_DEFINITIONS = (
					"DEBUG=1",
					"$(inherited)",
				);
				GCC_WARN_64_TO_32_BIT_CONVERSION = YES;
				GCC_WARN_ABOUT_RETURN_TYPE = YES_ERROR;
				GCC_WARN_UNDECLARED_SELECTOR = YES;
				GCC_WARN_UNINITIALIZED_AUTOS = YES_AGGRESSIVE;
				GCC_WARN_UNUSED_FUNCTION = YES;
				GCC_WARN_UNUSED_VARIABLE = YES;
				IPHONEOS_DEPLOYMENT_TARGET = 17.2;
				LOCALIZATION_PREFERS_STRING_CATALOGS = YES;
				MTL_ENABLE_DEBUG_INFO = INCLUDE_SOURCE;
				MTL_FAST_MATH = YES;
				ONLY_ACTIVE_ARCH = YES;
				SDKROOT = iphoneos;
				SWIFT_ACTIVE_COMPILATION_CONDITIONS = "DEBUG $(inherited)";
				SWIFT_OPTIMIZATION_LEVEL = "-Onone";
			};
			name = Debug;
		};
		61586FAF2C52188500119E8C /* Release */ = {
			isa = XCBuildConfiguration;
			buildSettings = {
				ALWAYS_SEARCH_USER_PATHS = NO;
				ASSETCATALOG_COMPILER_GENERATE_SWIFT_ASSET_SYMBOL_EXTENSIONS = YES;
				CLANG_ANALYZER_NONNULL = YES;
				CLANG_ANALYZER_NUMBER_OBJECT_CONVERSION = YES_AGGRESSIVE;
				CLANG_CXX_LANGUAGE_STANDARD = "gnu++20";
				CLANG_ENABLE_MODULES = YES;
				CLANG_ENABLE_OBJC_ARC = YES;
				CLANG_ENABLE_OBJC_WEAK = YES;
				CLANG_WARN_BLOCK_CAPTURE_AUTORELEASING = YES;
				CLANG_WARN_BOOL_CONVERSION = YES;
				CLANG_WARN_COMMA = YES;
				CLANG_WARN_CONSTANT_CONVERSION = YES;
				CLANG_WARN_DEPRECATED_OBJC_IMPLEMENTATIONS = YES;
				CLANG_WARN_DIRECT_OBJC_ISA_USAGE = YES_ERROR;
				CLANG_WARN_DOCUMENTATION_COMMENTS = YES;
				CLANG_WARN_EMPTY_BODY = YES;
				CLANG_WARN_ENUM_CONVERSION = YES;
				CLANG_WARN_INFINITE_RECURSION = YES;
				CLANG_WARN_INT_CONVERSION = YES;
				CLANG_WARN_NON_LITERAL_NULL_CONVERSION = YES;
				CLANG_WARN_OBJC_IMPLICIT_RETAIN_SELF = YES;
				CLANG_WARN_OBJC_LITERAL_CONVERSION = YES;
				CLANG_WARN_OBJC_ROOT_CLASS = YES_ERROR;
				CLANG_WARN_QUOTED_INCLUDE_IN_FRAMEWORK_HEADER = YES;
				CLANG_WARN_RANGE_LOOP_ANALYSIS = YES;
				CLANG_WARN_STRICT_PROTOTYPES = YES;
				CLANG_WARN_SUSPICIOUS_MOVE = YES;
				CLANG_WARN_UNGUARDED_AVAILABILITY = YES_AGGRESSIVE;
				CLANG_WARN_UNREACHABLE_CODE = YES;
				CLANG_WARN__DUPLICATE_METHOD_MATCH = YES;
				COPY_PHASE_STRIP = NO;
				DEBUG_INFORMATION_FORMAT = "dwarf-with-dsym";
				ENABLE_NS_ASSERTIONS = NO;
				ENABLE_STRICT_OBJC_MSGSEND = YES;
				ENABLE_USER_SCRIPT_SANDBOXING = YES;
				GCC_C_LANGUAGE_STANDARD = gnu17;
				GCC_NO_COMMON_BLOCKS = YES;
				GCC_WARN_64_TO_32_BIT_CONVERSION = YES;
				GCC_WARN_ABOUT_RETURN_TYPE = YES_ERROR;
				GCC_WARN_UNDECLARED_SELECTOR = YES;
				GCC_WARN_UNINITIALIZED_AUTOS = YES_AGGRESSIVE;
				GCC_WARN_UNUSED_FUNCTION = YES;
				GCC_WARN_UNUSED_VARIABLE = YES;
				IPHONEOS_DEPLOYMENT_TARGET = 17.2;
				LOCALIZATION_PREFERS_STRING_CATALOGS = YES;
				MTL_ENABLE_DEBUG_INFO = NO;
				MTL_FAST_MATH = YES;
				SDKROOT = iphoneos;
				SWIFT_COMPILATION_MODE = wholemodule;
				VALIDATE_PRODUCT = YES;
			};
			name = Release;
		};
		61586FB12C52188500119E8C /* Debug */ = {
			isa = XCBuildConfiguration;
			buildSettings = {
				ASSETCATALOG_COMPILER_APPICON_NAME = AppIcon;
				ASSETCATALOG_COMPILER_GLOBAL_ACCENT_COLOR_NAME = AccentColor;
				CODE_SIGN_STYLE = Automatic;
				CURRENT_PROJECT_VERSION = 1;
				DEVELOPMENT_ASSET_PATHS = "\"SwiftUI_SideProject_01/Preview Content\"";
				DEVELOPMENT_TEAM = 53TT286T39;
				ENABLE_PREVIEWS = YES;
				GENERATE_INFOPLIST_FILE = YES;
				INFOPLIST_KEY_UIApplicationSceneManifest_Generation = YES;
				INFOPLIST_KEY_UIApplicationSupportsIndirectInputEvents = YES;
				INFOPLIST_KEY_UILaunchScreen_Generation = YES;
				INFOPLIST_KEY_UISupportedInterfaceOrientations_iPad = "UIInterfaceOrientationPortrait UIInterfaceOrientationPortraitUpsideDown UIInterfaceOrientationLandscapeLeft UIInterfaceOrientationLandscapeRight";
				INFOPLIST_KEY_UISupportedInterfaceOrientations_iPhone = "UIInterfaceOrientationPortrait UIInterfaceOrientationLandscapeLeft UIInterfaceOrientationLandscapeRight";
				LD_RUNPATH_SEARCH_PATHS = (
					"$(inherited)",
					"@executable_path/Frameworks",
				);
				MARKETING_VERSION = 1.0;
				PRODUCT_BUNDLE_IDENTIFIER = "eunduk.SwiftUI-SideProject-01";
				PRODUCT_NAME = "$(TARGET_NAME)";
				SWIFT_EMIT_LOC_STRINGS = YES;
				SWIFT_VERSION = 5.0;
				TARGETED_DEVICE_FAMILY = "1,2";
			};
			name = Debug;
		};
		61586FB22C52188500119E8C /* Release */ = {
			isa = XCBuildConfiguration;
			buildSettings = {
				ASSETCATALOG_COMPILER_APPICON_NAME = AppIcon;
				ASSETCATALOG_COMPILER_GLOBAL_ACCENT_COLOR_NAME = AccentColor;
				CODE_SIGN_STYLE = Automatic;
				CURRENT_PROJECT_VERSION = 1;
				DEVELOPMENT_ASSET_PATHS = "\"SwiftUI_SideProject_01/Preview Content\"";
				DEVELOPMENT_TEAM = 53TT286T39;
				ENABLE_PREVIEWS = YES;
				GENERATE_INFOPLIST_FILE = YES;
				INFOPLIST_KEY_UIApplicationSceneManifest_Generation = YES;
				INFOPLIST_KEY_UIApplicationSupportsIndirectInputEvents = YES;
				INFOPLIST_KEY_UILaunchScreen_Generation = YES;
				INFOPLIST_KEY_UISupportedInterfaceOrientations_iPad = "UIInterfaceOrientationPortrait UIInterfaceOrientationPortraitUpsideDown UIInterfaceOrientationLandscapeLeft UIInterfaceOrientationLandscapeRight";
				INFOPLIST_KEY_UISupportedInterfaceOrientations_iPhone = "UIInterfaceOrientationPortrait UIInterfaceOrientationLandscapeLeft UIInterfaceOrientationLandscapeRight";
				LD_RUNPATH_SEARCH_PATHS = (
					"$(inherited)",
					"@executable_path/Frameworks",
				);
				MARKETING_VERSION = 1.0;
				PRODUCT_BUNDLE_IDENTIFIER = "eunduk.SwiftUI-SideProject-01";
				PRODUCT_NAME = "$(TARGET_NAME)";
				SWIFT_EMIT_LOC_STRINGS = YES;
				SWIFT_VERSION = 5.0;
				TARGETED_DEVICE_FAMILY = "1,2";
			};
			name = Release;
		};
/* End XCBuildConfiguration section */

/* Begin XCConfigurationList section */
		61586F9D2C52188200119E8C /* Build configuration list for PBXProject "SwiftUI_SideProject_01" */ = {
			isa = XCConfigurationList;
			buildConfigurations = (
				61586FAE2C52188500119E8C /* Debug */,
				61586FAF2C52188500119E8C /* Release */,
			);
			defaultConfigurationIsVisible = 0;
			defaultConfigurationName = Release;
		};
		61586FB02C52188500119E8C /* Build configuration list for PBXNativeTarget "SwiftUI_SideProject_01" */ = {
			isa = XCConfigurationList;
			buildConfigurations = (
				61586FB12C52188500119E8C /* Debug */,
				61586FB22C52188500119E8C /* Release */,
			);
			defaultConfigurationIsVisible = 0;
			defaultConfigurationName = Release;
		};
/* End XCConfigurationList section */
	};
	rootObject = 61586F9A2C52188200119E8C /* Project object */;
}
